
Microsoft Visual Studio Solution File, Format Version 12.00
# Visual Studio Version 17
VisualStudioVersion = 17.7.34018.315
MinimumVisualStudioVersion = 10.0.40219.1
Project("{FAE04EC0-301F-11D3-BF4B-00C04F79EFBC}") = "Province File Creator 2.0", "Province File Creator 2.0.csproj", "{B7716215-0A6B-415C-948F-48EF19C8750B}"
EndProject
Project("{54435603-DBB4-11D2-8724-00A0C9A8B90C}") = "Province File Creator Setup", "..\Province File Creator Setup\Province File Creator Setup.vdproj", "{50BF0F53-AE72-472A-9F00-F7C7320D15ED}"
EndProject
Global
	GlobalSection(SolutionConfigurationPlatforms) = preSolution
		Debug|Any CPU = Debug|Any CPU
		Release|Any CPU = Release|Any CPU
	EndGlobalSection
	GlobalSection(ProjectConfigurationPlatforms) = postSolution
		{B7716215-0A6B-415C-948F-48EF19C8750B}.Debug|Any CPU.ActiveCfg = Debug|Any CPU
		{B7716215-0A6B-415C-948F-48EF19C8750B}.Debug|Any CPU.Build.0 = Debug|Any CPU
		{B7716215-0A6B-415C-948F-48EF19C8750B}.Release|Any CPU.ActiveCfg = Release|Any CPU
		{B7716215-0A6B-415C-948F-48EF19C8750B}.Release|Any CPU.Build.0 = Release|Any CPU
		{50BF0F53-AE72-472A-9F00-F7C7320D15ED}.Debug|Any CPU.ActiveCfg = Debug
		{50BF0F53-AE72-472A-9F00-F7C7320D15ED}.Release|Any CPU.ActiveCfg = Release
	EndGlobalSection
	GlobalSection(SolutionProperties) = preSolution
		HideSolutionNode = FALSE
	EndGlobalSection
	GlobalSection(ExtensibilityGlobals) = postSolution
		SolutionGuid = {21BF234E-7B74-407E-96A6-941675DF1A34}
	EndGlobalSection
EndGlobal
